
Microsoft Visual Studio Solution File, Format Version 12.00
# Visual Studio Version 17
VisualStudioVersion = 17.14.36915.13 d17.14
MinimumVisualStudioVersion = 10.0.40219.1
Project("{FAE04EC0-301F-11D3-BF4B-00C04F79EFBC}") = "Laptrinnhweb", "Laptrinnhweb\Laptrinnhweb.csproj", "{8C3AB4A8-1290-4ED3-B3EB-99C964BAE2EA}"
EndProject
Global
	GlobalSection(SolutionConfigurationPlatforms) = preSolution
		Debug|Any CPU = Debug|Any CPU
		Release|Any CPU = Release|Any CPU
	EndGlobalSection
	GlobalSection(ProjectConfigurationPlatforms) = postSolution
		{8C3AB4A8-1290-4ED3-B3EB-99C964BAE2EA}.Debug|Any CPU.ActiveCfg = Debug|Any CPU
		{8C3AB4A8-1290-4ED3-B3EB-99C964BAE2EA}.Debug|Any CPU.Build.0 = Debug|Any CPU
		{8C3AB4A8-1290-4ED3-B3EB-99C964BAE2EA}.Release|Any CPU.ActiveCfg = Release|Any CPU
		{8C3AB4A8-1290-4ED3-B3EB-99C964BAE2EA}.Release|Any CPU.Build.0 = Release|Any CPU
	EndGlobalSection
	GlobalSection(SolutionProperties) = preSolution
		HideSolutionNode = FALSE
	EndGlobalSection
	GlobalSection(ExtensibilityGlobals) = postSolution
		SolutionGuid = {CF5B03F8-6B56-4A3C-9A1C-F71566F76339}
	EndGlobalSection
EndGlobal
